
Microsoft Visual Studio Solution File, Format Version 12.00
# Visual Studio Version 16
VisualStudioVersion = 16.0.31702.278
MinimumVisualStudioVersion = 10.0.40219.1
Project("{8BC9CEB8-8B4A-11D0-8D11-00A0C91BC942}") = "Factories_5_Abstract_Factories", "Factories_5_Abstract_Factories.vcxproj", "{27C26874-7964-4E79-8AD5-2CAFE44FB784}"
EndProject
Global
	GlobalSection(SolutionConfigurationPlatforms) = preSolution
		Debug|x64 = Debug|x64
		Debug|x86 = Debug|x86
		Release|x64 = Release|x64
		Release|x86 = Release|x86
	EndGlobalSection
	GlobalSection(ProjectConfigurationPlatforms) = postSolution
		{27C26874-7964-4E79-8AD5-2CAFE44FB784}.Debug|x64.ActiveCfg = Debug|x64
		{27C26874-7964-4E79-8AD5-2CAFE44FB784}.Debug|x64.Build.0 = Debug|x64
		{27C26874-7964-4E79-8AD5-2CAFE44FB784}.Debug|x86.ActiveCfg = Debug|Win32
		{27C26874-7964-4E79-8AD5-2CAFE44FB784}.Debug|x86.Build.0 = Debug|Win32
		{27C26874-7964-4E79-8AD5-2CAFE44FB784}.Release|x64.ActiveCfg = Release|x64
		{27C26874-7964-4E79-8AD5-2CAFE44FB784}.Release|x64.Build.0 = Release|x64
		{27C26874-7964-4E79-8AD5-2CAFE44FB784}.Release|x86.ActiveCfg = Release|Win32
		{27C26874-7964-4E79-8AD5-2CAFE44FB784}.Release|x86.Build.0 = Release|Win32
	EndGlobalSection
	GlobalSection(SolutionProperties) = preSolution
		HideSolutionNode = FALSE
	EndGlobalSection
	GlobalSection(ExtensibilityGlobals) = postSolution
		SolutionGuid = {8EC3177D-11CA-4B10-B2E6-F32E9A46B406}
	EndGlobalSection
EndGlobal
